
Microsoft Visual Studio Solution File, Format Version 12.00
# Visual Studio Version 16
VisualStudioVersion = 16.0.29709.97
MinimumVisualStudioVersion = 10.0.40219.1
Project("{9A19103F-16F7-4668-BE54-9A1E7A4F7556}") = "HelloWord", "HelloWord\HelloWord.csproj", "{7C2D52F4-8137-4E32-AC05-2CF0E933889A}"
EndProject
Project("{9A19103F-16F7-4668-BE54-9A1E7A4F7556}") = "Pattern", "E:\Git Repository\Pattern\Pattern.csproj", "{25A23EE0-B2ED-4215-BB99-93AEE9D7C631}"
EndProject
Project("{9A19103F-16F7-4668-BE54-9A1E7A4F7556}") = "Test", "Test\Test.csproj", "{3556C59B-C059-4C4A-9075-7039B3CCFBC1}"
EndProject
Project("{FAE04EC0-301F-11D3-BF4B-00C04F79EFBC}") = "Validation", "Validation\Validation.csproj", "{28463879-7154-4287-8178-7FF94C202E9D}"
EndProject
Global
	GlobalSection(SolutionConfigurationPlatforms) = preSolution
		Debug|Any CPU = Debug|Any CPU
		Release|Any CPU = Release|Any CPU
	EndGlobalSection
	GlobalSection(ProjectConfigurationPlatforms) = postSolution
		{7C2D52F4-8137-4E32-AC05-2CF0E933889A}.Debug|Any CPU.ActiveCfg = Debug|Any CPU
		{7C2D52F4-8137-4E32-AC05-2CF0E933889A}.Debug|Any CPU.Build.0 = Debug|Any CPU
		{7C2D52F4-8137-4E32-AC05-2CF0E933889A}.Release|Any CPU.ActiveCfg = Release|Any CPU
		{7C2D52F4-8137-4E32-AC05-2CF0E933889A}.Release|Any CPU.Build.0 = Release|Any CPU
		{25A23EE0-B2ED-4215-BB99-93AEE9D7C631}.Debug|Any CPU.ActiveCfg = Debug|Any CPU
		{25A23EE0-B2ED-4215-BB99-93AEE9D7C631}.Debug|Any CPU.Build.0 = Debug|Any CPU
		{25A23EE0-B2ED-4215-BB99-93AEE9D7C631}.Release|Any CPU.ActiveCfg = Release|Any CPU
		{25A23EE0-B2ED-4215-BB99-93AEE9D7C631}.Release|Any CPU.Build.0 = Release|Any CPU
		{3556C59B-C059-4C4A-9075-7039B3CCFBC1}.Debug|Any CPU.ActiveCfg = Debug|Any CPU
		{3556C59B-C059-4C4A-9075-7039B3CCFBC1}.Debug|Any CPU.Build.0 = Debug|Any CPU
		{3556C59B-C059-4C4A-9075-7039B3CCFBC1}.Release|Any CPU.ActiveCfg = Release|Any CPU
		{3556C59B-C059-4C4A-9075-7039B3CCFBC1}.Release|Any CPU.Build.0 = Release|Any CPU
		{28463879-7154-4287-8178-7FF94C202E9D}.Debug|Any CPU.ActiveCfg = Debug|Any CPU
		{28463879-7154-4287-8178-7FF94C202E9D}.Debug|Any CPU.Build.0 = Debug|Any CPU
		{28463879-7154-4287-8178-7FF94C202E9D}.Release|Any CPU.ActiveCfg = Release|Any CPU
		{28463879-7154-4287-8178-7FF94C202E9D}.Release|Any CPU.Build.0 = Release|Any CPU
	EndGlobalSection
	GlobalSection(SolutionProperties) = preSolution
		HideSolutionNode = FALSE
	EndGlobalSection
	GlobalSection(ExtensibilityGlobals) = postSolution
		SolutionGuid = {F0485D49-3C92-4F5F-930C-8912E4375E1D}
	EndGlobalSection
EndGlobal
