
Microsoft Visual Studio Solution File, Format Version 12.00
# Visual Studio Version 16
VisualStudioVersion = 16.0.29709.97
MinimumVisualStudioVersion = 10.0.40219.1
Project("{9A19103F-16F7-4668-BE54-9A1E7A4F7556}") = "HelloWord", "HelloWord\HelloWord.csproj", "{7C2D52F4-8137-4E32-AC05-2CF0E933889A}"
EndProject
Project("{9A19103F-16F7-4668-BE54-9A1E7A4F7556}") = "Test", "Test\Test.csproj", "{3556C59B-C059-4C4A-9075-7039B3CCFBC1}"
EndProject
Project("{9A19103F-16F7-4668-BE54-9A1E7A4F7556}") = "Validation", "Validation\Validation.csproj", "{28463879-7154-4287-8178-7FF94C202E9D}"
EndProject
Project("{9A19103F-16F7-4668-BE54-9A1E7A4F7556}") = "Conversion", "Conversion\Conversion.csproj", "{1AE47BC5-19D2-442A-98C5-718474748340}"
EndProject
Project("{9A19103F-16F7-4668-BE54-9A1E7A4F7556}") = "InfixToPostfix", "InfixToPostfix\InfixToPostfix.csproj", "{C18935C7-D61D-43CB-90C9-261C2AA4DCF2}"
EndProject
Project("{FAE04EC0-301F-11D3-BF4B-00C04F79EFBC}") = "TemperatureConversion", "TemperatureConversion\TemperatureConversion.csproj", "{690C5282-C1A0-4A3B-BCE7-6D56AB23F663}"
EndProject
Project("{FAE04EC0-301F-11D3-BF4B-00C04F79EFBC}") = "CurrencyConvertor", "CurrencyConvertor\CurrencyConvertor.csproj", "{5B0BEE0D-5CBA-4595-9AE5-B9C99CE2623F}"
EndProject
Project("{FAE04EC0-301F-11D3-BF4B-00C04F79EFBC}") = "hi", "hi\hi.csproj", "{8E8AF36A-AB87-4455-9ADC-72E0926C9EC1}"
EndProject
Project("{FAE04EC0-301F-11D3-BF4B-00C04F79EFBC}") = "Patterns", "Patterns\Patterns.csproj", "{7837DB93-ABCA-41AD-9A8E-D58DA52C1954}"
EndProject
Project("{FAE04EC0-301F-11D3-BF4B-00C04F79EFBC}") = "SaparateAndPoint", "SaparateAndPoint\SaparateAndPoint.csproj", "{875782F1-F0CC-4696-A008-785FEE38ED47}"
EndProject
Project("{FAE04EC0-301F-11D3-BF4B-00C04F79EFBC}") = "Practical 9", "Practical 9\Practical 9.csproj", "{023518FE-AC5A-4961-B418-EC7CD888E7AC}"
EndProject
Project("{FAE04EC0-301F-11D3-BF4B-00C04F79EFBC}") = "IncreaseDecreaseFont", "IncreaseDecreaseFont\IncreaseDecreaseFont.csproj", "{DFE060B1-AB78-4C81-BB5F-C21C974DF6F2}"
EndProject
Project("{FAE04EC0-301F-11D3-BF4B-00C04F79EFBC}") = "Practical 10", "Practical 10\Practical 10.csproj", "{8020EEAA-CB8F-4820-93C6-F46BD66F795F}"
EndProject
Project("{FAE04EC0-301F-11D3-BF4B-00C04F79EFBC}") = "Practical 11", "Practical 11\Practical 11.csproj", "{92B772C3-5D9D-4AA8-AFC9-915964AA35C1}"
EndProject
Project("{FAE04EC0-301F-11D3-BF4B-00C04F79EFBC}") = "Practical 12", "Practical 12\Practical 12.csproj", "{C7248C70-BB81-45CD-8733-7E105349F62F}"
EndProject
Global
	GlobalSection(SolutionConfigurationPlatforms) = preSolution
		Debug|Any CPU = Debug|Any CPU
		Release|Any CPU = Release|Any CPU
	EndGlobalSection
	GlobalSection(ProjectConfigurationPlatforms) = postSolution
		{7C2D52F4-8137-4E32-AC05-2CF0E933889A}.Debug|Any CPU.ActiveCfg = Debug|Any CPU
		{7C2D52F4-8137-4E32-AC05-2CF0E933889A}.Debug|Any CPU.Build.0 = Debug|Any CPU
		{7C2D52F4-8137-4E32-AC05-2CF0E933889A}.Release|Any CPU.ActiveCfg = Release|Any CPU
		{7C2D52F4-8137-4E32-AC05-2CF0E933889A}.Release|Any CPU.Build.0 = Release|Any CPU
		{3556C59B-C059-4C4A-9075-7039B3CCFBC1}.Debug|Any CPU.ActiveCfg = Debug|Any CPU
		{3556C59B-C059-4C4A-9075-7039B3CCFBC1}.Debug|Any CPU.Build.0 = Debug|Any CPU
		{3556C59B-C059-4C4A-9075-7039B3CCFBC1}.Release|Any CPU.ActiveCfg = Release|Any CPU
		{3556C59B-C059-4C4A-9075-7039B3CCFBC1}.Release|Any CPU.Build.0 = Release|Any CPU
		{28463879-7154-4287-8178-7FF94C202E9D}.Debug|Any CPU.ActiveCfg = Debug|Any CPU
		{28463879-7154-4287-8178-7FF94C202E9D}.Debug|Any CPU.Build.0 = Debug|Any CPU
		{28463879-7154-4287-8178-7FF94C202E9D}.Release|Any CPU.ActiveCfg = Release|Any CPU
		{28463879-7154-4287-8178-7FF94C202E9D}.Release|Any CPU.Build.0 = Release|Any CPU
		{1AE47BC5-19D2-442A-98C5-718474748340}.Debug|Any CPU.ActiveCfg = Debug|Any CPU
		{1AE47BC5-19D2-442A-98C5-718474748340}.Debug|Any CPU.Build.0 = Debug|Any CPU
		{1AE47BC5-19D2-442A-98C5-718474748340}.Release|Any CPU.ActiveCfg = Release|Any CPU
		{1AE47BC5-19D2-442A-98C5-718474748340}.Release|Any CPU.Build.0 = Release|Any CPU
		{C18935C7-D61D-43CB-90C9-261C2AA4DCF2}.Debug|Any CPU.ActiveCfg = Debug|Any CPU
		{C18935C7-D61D-43CB-90C9-261C2AA4DCF2}.Debug|Any CPU.Build.0 = Debug|Any CPU
		{C18935C7-D61D-43CB-90C9-261C2AA4DCF2}.Release|Any CPU.ActiveCfg = Release|Any CPU
		{C18935C7-D61D-43CB-90C9-261C2AA4DCF2}.Release|Any CPU.Build.0 = Release|Any CPU
		{690C5282-C1A0-4A3B-BCE7-6D56AB23F663}.Debug|Any CPU.ActiveCfg = Debug|Any CPU
		{690C5282-C1A0-4A3B-BCE7-6D56AB23F663}.Debug|Any CPU.Build.0 = Debug|Any CPU
		{690C5282-C1A0-4A3B-BCE7-6D56AB23F663}.Release|Any CPU.ActiveCfg = Release|Any CPU
		{690C5282-C1A0-4A3B-BCE7-6D56AB23F663}.Release|Any CPU.Build.0 = Release|Any CPU
		{5B0BEE0D-5CBA-4595-9AE5-B9C99CE2623F}.Debug|Any CPU.ActiveCfg = Debug|Any CPU
		{5B0BEE0D-5CBA-4595-9AE5-B9C99CE2623F}.Debug|Any CPU.Build.0 = Debug|Any CPU
		{5B0BEE0D-5CBA-4595-9AE5-B9C99CE2623F}.Release|Any CPU.ActiveCfg = Release|Any CPU
		{5B0BEE0D-5CBA-4595-9AE5-B9C99CE2623F}.Release|Any CPU.Build.0 = Release|Any CPU
		{8E8AF36A-AB87-4455-9ADC-72E0926C9EC1}.Debug|Any CPU.ActiveCfg = Debug|Any CPU
		{8E8AF36A-AB87-4455-9ADC-72E0926C9EC1}.Debug|Any CPU.Build.0 = Debug|Any CPU
		{8E8AF36A-AB87-4455-9ADC-72E0926C9EC1}.Release|Any CPU.ActiveCfg = Release|Any CPU
		{8E8AF36A-AB87-4455-9ADC-72E0926C9EC1}.Release|Any CPU.Build.0 = Release|Any CPU
		{7837DB93-ABCA-41AD-9A8E-D58DA52C1954}.Debug|Any CPU.ActiveCfg = Debug|Any CPU
		{7837DB93-ABCA-41AD-9A8E-D58DA52C1954}.Debug|Any CPU.Build.0 = Debug|Any CPU
		{7837DB93-ABCA-41AD-9A8E-D58DA52C1954}.Release|Any CPU.ActiveCfg = Release|Any CPU
		{7837DB93-ABCA-41AD-9A8E-D58DA52C1954}.Release|Any CPU.Build.0 = Release|Any CPU
		{875782F1-F0CC-4696-A008-785FEE38ED47}.Debug|Any CPU.ActiveCfg = Debug|Any CPU
		{875782F1-F0CC-4696-A008-785FEE38ED47}.Debug|Any CPU.Build.0 = Debug|Any CPU
		{875782F1-F0CC-4696-A008-785FEE38ED47}.Release|Any CPU.ActiveCfg = Release|Any CPU
		{875782F1-F0CC-4696-A008-785FEE38ED47}.Release|Any CPU.Build.0 = Release|Any CPU
		{023518FE-AC5A-4961-B418-EC7CD888E7AC}.Debug|Any CPU.ActiveCfg = Debug|Any CPU
		{023518FE-AC5A-4961-B418-EC7CD888E7AC}.Debug|Any CPU.Build.0 = Debug|Any CPU
		{023518FE-AC5A-4961-B418-EC7CD888E7AC}.Release|Any CPU.ActiveCfg = Release|Any CPU
		{023518FE-AC5A-4961-B418-EC7CD888E7AC}.Release|Any CPU.Build.0 = Release|Any CPU
		{DFE060B1-AB78-4C81-BB5F-C21C974DF6F2}.Debug|Any CPU.ActiveCfg = Debug|Any CPU
		{DFE060B1-AB78-4C81-BB5F-C21C974DF6F2}.Debug|Any CPU.Build.0 = Debug|Any CPU
		{DFE060B1-AB78-4C81-BB5F-C21C974DF6F2}.Release|Any CPU.ActiveCfg = Release|Any CPU
		{DFE060B1-AB78-4C81-BB5F-C21C974DF6F2}.Release|Any CPU.Build.0 = Release|Any CPU
		{8020EEAA-CB8F-4820-93C6-F46BD66F795F}.Debug|Any CPU.ActiveCfg = Debug|Any CPU
		{8020EEAA-CB8F-4820-93C6-F46BD66F795F}.Debug|Any CPU.Build.0 = Debug|Any CPU
		{8020EEAA-CB8F-4820-93C6-F46BD66F795F}.Release|Any CPU.ActiveCfg = Release|Any CPU
		{8020EEAA-CB8F-4820-93C6-F46BD66F795F}.Release|Any CPU.Build.0 = Release|Any CPU
		{92B772C3-5D9D-4AA8-AFC9-915964AA35C1}.Debug|Any CPU.ActiveCfg = Debug|Any CPU
		{92B772C3-5D9D-4AA8-AFC9-915964AA35C1}.Debug|Any CPU.Build.0 = Debug|Any CPU
		{92B772C3-5D9D-4AA8-AFC9-915964AA35C1}.Release|Any CPU.ActiveCfg = Release|Any CPU
		{92B772C3-5D9D-4AA8-AFC9-915964AA35C1}.Release|Any CPU.Build.0 = Release|Any CPU
		{C7248C70-BB81-45CD-8733-7E105349F62F}.Debug|Any CPU.ActiveCfg = Debug|Any CPU
		{C7248C70-BB81-45CD-8733-7E105349F62F}.Debug|Any CPU.Build.0 = Debug|Any CPU
		{C7248C70-BB81-45CD-8733-7E105349F62F}.Release|Any CPU.ActiveCfg = Release|Any CPU
		{C7248C70-BB81-45CD-8733-7E105349F62F}.Release|Any CPU.Build.0 = Release|Any CPU
	EndGlobalSection
	GlobalSection(SolutionProperties) = preSolution
		HideSolutionNode = FALSE
	EndGlobalSection
	GlobalSection(ExtensibilityGlobals) = postSolution
		SolutionGuid = {F0485D49-3C92-4F5F-930C-8912E4375E1D}
	EndGlobalSection
EndGlobal
